
Microsoft Visual Studio Solution File, Format Version 12.00
# Visual Studio 2013
VisualStudioVersion = 12.0.30723.0
MinimumVisualStudioVersion = 10.0.40219.1
Project("{2150E333-8FDC-42A3-9474-1A3956D46DE8}") = "_Documents", "_Documents", "{A8036D48-19DC-4A20-94FA-4AE2933C5627}"
EndProject
Project("{2150E333-8FDC-42A3-9474-1A3956D46DE8}") = "Properties", "Properties", "{EA7207B0-D500-4973-B0A3-C941E00C9843}"
EndProject
Project("{FAE04EC0-301F-11D3-BF4B-00C04F79EFBC}") = "ModuleX", "ModuleX\ModuleX.csproj", "{B0F766CA-C3FD-43C7-8161-C19D54CB2985}"
EndProject
Project("{FAE04EC0-301F-11D3-BF4B-00C04F79EFBC}") = "ModuleY", "ModuleY\ModuleY.csproj", "{61F2058B-BD09-4C57-A70B-FEE249741C7E}"
EndProject
Project("{FAE04EC0-301F-11D3-BF4B-00C04F79EFBC}") = "ComponentA", "ComponentA\ComponentA.csproj", "{C9895775-58C6-4106-836B-E3F7ADACF081}"
EndProject
Project("{2150E333-8FDC-42A3-9474-1A3956D46DE8}") = "Components", "Components", "{F1476BBB-70BC-463F-8E07-B13C72493B96}"
EndProject
Project("{2150E333-8FDC-42A3-9474-1A3956D46DE8}") = "Modules", "Modules", "{21B48C6D-5216-41E4-BC3E-4E3E5F4B1892}"
EndProject
Project("{FAE04EC0-301F-11D3-BF4B-00C04F79EFBC}") = "ComponentB", "ComponentB\ComponentB.csproj", "{17734C76-08B8-46D3-9416-E120A418BE27}"
EndProject
Project("{2150E333-8FDC-42A3-9474-1A3956D46DE8}") = "Apps", "Apps", "{2E1ECB45-8EE6-4CB3-A1EF-521D38C77442}"
EndProject
Project("{FAE04EC0-301F-11D3-BF4B-00C04F79EFBC}") = "ConsoleApp", "ConsoleApp\ConsoleApp.csproj", "{919F81E7-E14B-40CF-8431-D59DE919D981}"
EndProject
Global
	GlobalSection(SolutionConfigurationPlatforms) = preSolution
		Debug|Any CPU = Debug|Any CPU
		Release|Any CPU = Release|Any CPU
	EndGlobalSection
	GlobalSection(ProjectConfigurationPlatforms) = postSolution
		{B0F766CA-C3FD-43C7-8161-C19D54CB2985}.Debug|Any CPU.ActiveCfg = Debug|Any CPU
		{B0F766CA-C3FD-43C7-8161-C19D54CB2985}.Debug|Any CPU.Build.0 = Debug|Any CPU
		{B0F766CA-C3FD-43C7-8161-C19D54CB2985}.Release|Any CPU.ActiveCfg = Release|Any CPU
		{B0F766CA-C3FD-43C7-8161-C19D54CB2985}.Release|Any CPU.Build.0 = Release|Any CPU
		{61F2058B-BD09-4C57-A70B-FEE249741C7E}.Debug|Any CPU.ActiveCfg = Debug|Any CPU
		{61F2058B-BD09-4C57-A70B-FEE249741C7E}.Debug|Any CPU.Build.0 = Debug|Any CPU
		{61F2058B-BD09-4C57-A70B-FEE249741C7E}.Release|Any CPU.ActiveCfg = Release|Any CPU
		{61F2058B-BD09-4C57-A70B-FEE249741C7E}.Release|Any CPU.Build.0 = Release|Any CPU
		{C9895775-58C6-4106-836B-E3F7ADACF081}.Debug|Any CPU.ActiveCfg = Debug|Any CPU
		{C9895775-58C6-4106-836B-E3F7ADACF081}.Debug|Any CPU.Build.0 = Debug|Any CPU
		{C9895775-58C6-4106-836B-E3F7ADACF081}.Release|Any CPU.ActiveCfg = Release|Any CPU
		{C9895775-58C6-4106-836B-E3F7ADACF081}.Release|Any CPU.Build.0 = Release|Any CPU
		{17734C76-08B8-46D3-9416-E120A418BE27}.Debug|Any CPU.ActiveCfg = Debug|Any CPU
		{17734C76-08B8-46D3-9416-E120A418BE27}.Debug|Any CPU.Build.0 = Debug|Any CPU
		{17734C76-08B8-46D3-9416-E120A418BE27}.Release|Any CPU.ActiveCfg = Release|Any CPU
		{17734C76-08B8-46D3-9416-E120A418BE27}.Release|Any CPU.Build.0 = Release|Any CPU
		{919F81E7-E14B-40CF-8431-D59DE919D981}.Debug|Any CPU.ActiveCfg = Debug|Any CPU
		{919F81E7-E14B-40CF-8431-D59DE919D981}.Debug|Any CPU.Build.0 = Debug|Any CPU
		{919F81E7-E14B-40CF-8431-D59DE919D981}.Release|Any CPU.ActiveCfg = Release|Any CPU
		{919F81E7-E14B-40CF-8431-D59DE919D981}.Release|Any CPU.Build.0 = Release|Any CPU
	EndGlobalSection
	GlobalSection(SolutionProperties) = preSolution
		HideSolutionNode = FALSE
	EndGlobalSection
	GlobalSection(NestedProjects) = preSolution
		{EA7207B0-D500-4973-B0A3-C941E00C9843} = {A8036D48-19DC-4A20-94FA-4AE2933C5627}
		{B0F766CA-C3FD-43C7-8161-C19D54CB2985} = {21B48C6D-5216-41E4-BC3E-4E3E5F4B1892}
		{61F2058B-BD09-4C57-A70B-FEE249741C7E} = {21B48C6D-5216-41E4-BC3E-4E3E5F4B1892}
		{C9895775-58C6-4106-836B-E3F7ADACF081} = {F1476BBB-70BC-463F-8E07-B13C72493B96}
		{17734C76-08B8-46D3-9416-E120A418BE27} = {F1476BBB-70BC-463F-8E07-B13C72493B96}
		{919F81E7-E14B-40CF-8431-D59DE919D981} = {2E1ECB45-8EE6-4CB3-A1EF-521D38C77442}
	EndGlobalSection
EndGlobal
